# -------------------------------------------------------------------------- #
# QSF corrigido para a placa DE10-Lite (Intel/Altera/Terasic)
# Projeto: somador (Sign-magnitude Adder)
# Entidade top-level: somador  (portas: SW_A, SW_B, HEX0..HEX5)
# -------------------------------------------------------------------------- #

set_global_assignment -name FAMILY "MAX 10 FPGA"
set_global_assignment -name DEVICE 10M50DAF484C7G
set_global_assignment -name TOP_LEVEL_ENTITY somador
set_global_assignment -name PROJECT_OUTPUT_DIRECTORY output_files
set_global_assignment -name VHDL_FILE somador.vhd

# -------------------------------------------------------------------------- #
# SW_A(3 downto 0)  ->  SW3..SW0 da placa
# -------------------------------------------------------------------------- #
set_location_assignment PIN_C10 -to SW_A[0]
set_location_assignment PIN_C11 -to SW_A[1]
set_location_assignment PIN_D12 -to SW_A[2]
set_location_assignment PIN_C12 -to SW_A[3]

# -------------------------------------------------------------------------- #
# SW_B(3 downto 0)  ->  SW7..SW4 da placa
# -------------------------------------------------------------------------- #
set_location_assignment PIN_A12 -to SW_B[0]
set_location_assignment PIN_B12 -to SW_B[1]
set_location_assignment PIN_A13 -to SW_B[2]
set_location_assignment PIN_A14 -to SW_B[3]

# -------------------------------------------------------------------------- #
# HEX0 (Magnitude do Resultado)
# -------------------------------------------------------------------------- #
set_location_assignment PIN_C14 -to HEX0[0]
set_location_assignment PIN_E15 -to HEX0[1]
set_location_assignment PIN_C15 -to HEX0[2]
set_location_assignment PIN_C16 -to HEX0[3]
set_location_assignment PIN_E16 -to HEX0[4]
set_location_assignment PIN_D17 -to HEX0[5]
set_location_assignment PIN_C17 -to HEX0[6]
set_location_assignment PIN_D15 -to HEX0[7]

# -------------------------------------------------------------------------- #
# HEX1 (Sinal do Resultado)
# -------------------------------------------------------------------------- #
set_location_assignment PIN_C18 -to HEX1[0]
set_location_assignment PIN_D18 -to HEX1[1]
set_location_assignment PIN_E18 -to HEX1[2]
set_location_assignment PIN_B16 -to HEX1[3]
set_location_assignment PIN_A17 -to HEX1[4]
set_location_assignment PIN_A18 -to HEX1[5]
set_location_assignment PIN_B17 -to HEX1[6]
set_location_assignment PIN_A16 -to HEX1[7]

# -------------------------------------------------------------------------- #
# HEX2 (Magnitude de B)
# -------------------------------------------------------------------------- #
set_location_assignment PIN_B20 -to HEX2[0]
set_location_assignment PIN_A20 -to HEX2[1]
set_location_assignment PIN_B19 -to HEX2[2]
set_location_assignment PIN_A21 -to HEX2[3]
set_location_assignment PIN_B21 -to HEX2[4]
set_location_assignment PIN_C22 -to HEX2[5]
set_location_assignment PIN_B22 -to HEX2[6]
set_location_assignment PIN_A19 -to HEX2[7]

# -------------------------------------------------------------------------- #
# HEX3 (Sinal de B)
# -------------------------------------------------------------------------- #
set_location_assignment PIN_F21 -to HEX3[0]
set_location_assignment PIN_E22 -to HEX3[1]
set_location_assignment PIN_E21 -to HEX3[2]
set_location_assignment PIN_C19 -to HEX3[3]
set_location_assignment PIN_C20 -to HEX3[4]
set_location_assignment PIN_D19 -to HEX3[5]
set_location_assignment PIN_E17 -to HEX3[6]
set_location_assignment PIN_D22 -to HEX3[7]

# -------------------------------------------------------------------------- #
# HEX4 (Magnitude de A)
# -------------------------------------------------------------------------- #
set_location_assignment PIN_F18 -to HEX4[0]
set_location_assignment PIN_E20 -to HEX4[1]
set_location_assignment PIN_E19 -to HEX4[2]
set_location_assignment PIN_J18 -to HEX4[3]
set_location_assignment PIN_H19 -to HEX4[4]
set_location_assignment PIN_F19 -to HEX4[5]
set_location_assignment PIN_F20 -to HEX4[6]
set_location_assignment PIN_F17 -to HEX4[7]

# -------------------------------------------------------------------------- #
# HEX5 (Sinal de A)
# -------------------------------------------------------------------------- #
set_location_assignment PIN_J20 -to HEX5[0]
set_location_assignment PIN_K20 -to HEX5[1]
set_location_assignment PIN_L18 -to HEX5[2]
set_location_assignment PIN_N18 -to HEX5[3]
set_location_assignment PIN_M20 -to HEX5[4]
set_location_assignment PIN_N19 -to HEX5[5]
set_location_assignment PIN_N20 -to HEX5[6]
set_location_assignment PIN_L19 -to HEX5[7]

# -------------------------------------------------------------------------- #
# Padrão de tensão (3.3V LVTTL) de todas as entradas/saídas usadas
# -------------------------------------------------------------------------- #
set_instance_assignment -name IO_STANDARD "3.3-V LVTTL" -to SW_A[0]
set_instance_assignment -name IO_STANDARD "3.3-V LVTTL" -to SW_A[1]
set_instance_assignment -name IO_STANDARD "3.3-V LVTTL" -to SW_A[2]
set_instance_assignment -name IO_STANDARD "3.3-V LVTTL" -to SW_A[3]
set_instance_assignment -name IO_STANDARD "3.3-V LVTTL" -to SW_B[0]
set_instance_assignment -name IO_STANDARD "3.3-V LVTTL" -to SW_B[1]
set_instance_assignment -name IO_STANDARD "3.3-V LVTTL" -to SW_B[2]
set_instance_assignment -name IO_STANDARD "3.3-V LVTTL" -to SW_B[3]
set_instance_assignment -name IO_STANDARD "3.3-V LVTTL" -to HEX0[0]
set_instance_assignment -name IO_STANDARD "3.3-V LVTTL" -to HEX0[1]
set_instance_assignment -name IO_STANDARD "3.3-V LVTTL" -to HEX0[2]
set_instance_assignment -name IO_STANDARD "3.3-V LVTTL" -to HEX0[3]
set_instance_assignment -name IO_STANDARD "3.3-V LVTTL" -to HEX0[4]
set_instance_assignment -name IO_STANDARD "3.3-V LVTTL" -to HEX0[5]
set_instance_assignment -name IO_STANDARD "3.3-V LVTTL" -to HEX0[6]
set_instance_assignment -name IO_STANDARD "3.3-V LVTTL" -to HEX0[7]
set_instance_assignment -name IO_STANDARD "3.3-V LVTTL" -to HEX1[0]
set_instance_assignment -name IO_STANDARD "3.3-V LVTTL" -to HEX1[1]
set_instance_assignment -name IO_STANDARD "3.3-V LVTTL" -to HEX1[2]
set_instance_assignment -name IO_STANDARD "3.3-V LVTTL" -to HEX1[3]
set_instance_assignment -name IO_STANDARD "3.3-V LVTTL" -to HEX1[4]
set_instance_assignment -name IO_STANDARD "3.3-V LVTTL" -to HEX1[5]
set_instance_assignment -name IO_STANDARD "3.3-V LVTTL" -to HEX1[6]
set_instance_assignment -name IO_STANDARD "3.3-V LVTTL" -to HEX1[7]
set_instance_assignment -name IO_STANDARD "3.3-V LVTTL" -to HEX2[0]
set_instance_assignment -name IO_STANDARD "3.3-V LVTTL" -to HEX2[1]
set_instance_assignment -name IO_STANDARD "3.3-V LVTTL" -to HEX2[2]
set_instance_assignment -name IO_STANDARD "3.3-V LVTTL" -to HEX2[3]
set_instance_assignment -name IO_STANDARD "3.3-V LVTTL" -to HEX2[4]
set_instance_assignment -name IO_STANDARD "3.3-V LVTTL" -to HEX2[5]
set_instance_assignment -name IO_STANDARD "3.3-V LVTTL" -to HEX2[6]
set_instance_assignment -name IO_STANDARD "3.3-V LVTTL" -to HEX2[7]
set_instance_assignment -name IO_STANDARD "3.3-V LVTTL" -to HEX3[0]
set_instance_assignment -name IO_STANDARD "3.3-V LVTTL" -to HEX3[1]
set_instance_assignment -name IO_STANDARD "3.3-V LVTTL" -to HEX3[2]
set_instance_assignment -name IO_STANDARD "3.3-V LVTTL" -to HEX3[3]
set_instance_assignment -name IO_STANDARD "3.3-V LVTTL" -to HEX3[4]
set_instance_assignment -name IO_STANDARD "3.3-V LVTTL" -to HEX3[5]
set_instance_assignment -name IO_STANDARD "3.3-V LVTTL" -to HEX3[6]
set_instance_assignment -name IO_STANDARD "3.3-V LVTTL" -to HEX3[7]
set_instance_assignment -name IO_STANDARD "3.3-V LVTTL" -to HEX4[0]
set_instance_assignment -name IO_STANDARD "3.3-V LVTTL" -to HEX4[1]
set_instance_assignment -name IO_STANDARD "3.3-V LVTTL" -to HEX4[2]
set_instance_assignment -name IO_STANDARD "3.3-V LVTTL" -to HEX4[3]
set_instance_assignment -name IO_STANDARD "3.3-V LVTTL" -to HEX4[4]
set_instance_assignment -name IO_STANDARD "3.3-V LVTTL" -to HEX4[5]
set_instance_assignment -name IO_STANDARD "3.3-V LVTTL" -to HEX4[6]
set_instance_assignment -name IO_STANDARD "3.3-V LVTTL" -to HEX4[7]
set_instance_assignment -name IO_STANDARD "3.3-V LVTTL" -to HEX5[0]
set_instance_assignment -name IO_STANDARD "3.3-V LVTTL" -to HEX5[1]
set_instance_assignment -name IO_STANDARD "3.3-V LVTTL" -to HEX5[2]
set_instance_assignment -name IO_STANDARD "3.3-V LVTTL" -to HEX5[3]
set_instance_assignment -name IO_STANDARD "3.3-V LVTTL" -to HEX5[4]
set_instance_assignment -name IO_STANDARD "3.3-V LVTTL" -to HEX5[5]
set_instance_assignment -name IO_STANDARD "3.3-V LVTTL" -to HEX5[6]
set_instance_assignment -name IO_STANDARD "3.3-V LVTTL" -to HEX5[7]
